// !$*UTF8*$!
{
	archiveVersion = 1;
	classes = {
	};
	objectVersion = 50;
	objects = {

/* Begin PBXBuildFile section */
		02F79A7F2179332600C3CE82 /* AppDelegate.swift in Sources */ = {isa = PBXBuildFile; fileRef = 02F79A7E2179332600C3CE82 /* AppDelegate.swift */; };
		02F79A812179332600C3CE82 /* ViewController.swift in Sources */ = {isa = PBXBuildFile; fileRef = 02F79A802179332600C3CE82 /* ViewController.swift */; };
		02F79A842179332600C3CE82 /* Main.storyboard in Resources */ = {isa = PBXBuildFile; fileRef = 02F79A822179332600C3CE82 /* Main.storyboard */; };
		02F79A872179332600C3CE82 /* Concetration.xcdatamodeld in Sources */ = {isa = PBXBuildFile; fileRef = 02F79A852179332600C3CE82 /* Concetration.xcdatamodeld */; };
		02F79A892179332700C3CE82 /* Assets.xcassets in Resources */ = {isa = PBXBuildFile; fileRef = 02F79A882179332700C3CE82 /* Assets.xcassets */; };
		02F79A8C2179332700C3CE82 /* LaunchScreen.storyboard in Resources */ = {isa = PBXBuildFile; fileRef = 02F79A8A2179332700C3CE82 /* LaunchScreen.storyboard */; };
		02F79A972179332700C3CE82 /* ConcetrationTests.swift in Sources */ = {isa = PBXBuildFile; fileRef = 02F79A962179332700C3CE82 /* ConcetrationTests.swift */; };
		02F79AA22179332700C3CE82 /* ConcetrationUITests.swift in Sources */ = {isa = PBXBuildFile; fileRef = 02F79AA12179332700C3CE82 /* ConcetrationUITests.swift */; };
/* End PBXBuildFile section */

/* Begin PBXContainerItemProxy section */
		02F79A932179332700C3CE82 /* PBXContainerItemProxy */ = {
			isa = PBXContainerItemProxy;
			containerPortal = 02F79A732179332600C3CE82 /* Project object */;
			proxyType = 1;
			remoteGlobalIDString = 02F79A7A2179332600C3CE82;
			remoteInfo = Concetration;
		};
		02F79A9E2179332700C3CE82 /* PBXContainerItemProxy */ = {
			isa = PBXContainerItemProxy;
			containerPortal = 02F79A732179332600C3CE82 /* Project object */;
			proxyType = 1;
			remoteGlobalIDString = 02F79A7A2179332600C3CE82;
			remoteInfo = Concetration;
		};
/* End PBXContainerItemProxy section */

/* Begin PBXFileReference section */
		02F79A7B2179332600C3CE82 /* Concetration.app */ = {isa = PBXFileReference; explicitFileType = wrapper.application; includeInIndex = 0; path = Concetration.app; sourceTree = BUILT_PRODUCTS_DIR; };
		02F79A7E2179332600C3CE82 /* AppDelegate.swift */ = {isa = PBXFileReference; lastKnownFileType = sourcecode.swift; path = AppDelegate.swift; sourceTree = "<group>"; };
		02F79A802179332600C3CE82 /* ViewController.swift */ = {isa = PBXFileReference; lastKnownFileType = sourcecode.swift; path = ViewController.swift; sourceTree = "<group>"; };
		02F79A832179332600C3CE82 /* Base */ = {isa = PBXFileReference; lastKnownFileType = file.storyboard; name = Base; path = Base.lproj/Main.storyboard; sourceTree = "<group>"; };
		02F79A862179332600C3CE82 /* Concetration.xcdatamodel */ = {isa = PBXFileReference; lastKnownFileType = wrapper.xcdatamodel; path = Concetration.xcdatamodel; sourceTree = "<group>"; };
		02F79A882179332700C3CE82 /* Assets.xcassets */ = {isa = PBXFileReference; lastKnownFileType = folder.assetcatalog; path = Assets.xcassets; sourceTree = "<group>"; };
		02F79A8B2179332700C3CE82 /* Base */ = {isa = PBXFileReference; lastKnownFileType = file.storyboard; name = Base; path = Base.lproj/LaunchScreen.storyboard; sourceTree = "<group>"; };
		02F79A8D2179332700C3CE82 /* Info.plist */ = {isa = PBXFileReference; lastKnownFileType = text.plist.xml; path = Info.plist; sourceTree = "<group>"; };
		02F79A922179332700C3CE82 /* ConcetrationTests.xctest */ = {isa = PBXFileReference; explicitFileType = wrapper.cfbundle; includeInIndex = 0; path = ConcetrationTests.xctest; sourceTree = BUILT_PRODUCTS_DIR; };
		02F79A962179332700C3CE82 /* ConcetrationTests.swift */ = {isa = PBXFileReference; lastKnownFileType = sourcecode.swift; path = ConcetrationTests.swift; sourceTree = "<group>"; };
		02F79A982179332700C3CE82 /* Info.plist */ = {isa = PBXFileReference; lastKnownFileType = text.plist.xml; path = Info.plist; sourceTree = "<group>"; };
		02F79A9D2179332700C3CE82 /* ConcetrationUITests.xctest */ = {isa = PBXFileReference; explicitFileType = wrapper.cfbundle; includeInIndex = 0; path = ConcetrationUITests.xctest; sourceTree = BUILT_PRODUCTS_DIR; };
		02F79AA12179332700C3CE82 /* ConcetrationUITests.swift */ = {isa = PBXFileReference; lastKnownFileType = sourcecode.swift; path = ConcetrationUITests.swift; sourceTree = "<group>"; };
		02F79AA32179332700C3CE82 /* Info.plist */ = {isa = PBXFileReference; lastKnownFileType = text.plist.xml; path = Info.plist; sourceTree = "<group>"; };
/* End PBXFileReference section */

/* Begin PBXFrameworksBuildPhase section */
		02F79A782179332600C3CE82 /* Frameworks */ = {
			isa = PBXFrameworksBuildPhase;
			buildActionMask = 2147483647;
			files = (
			);
			runOnlyForDeploymentPostprocessing = 0;
		};
		02F79A8F2179332700C3CE82 /* Frameworks */ = {
			isa = PBXFrameworksBuildPhase;
			buildActionMask = 2147483647;
			files = (
			);
			runOnlyForDeploymentPostprocessing = 0;
		};
		02F79A9A2179332700C3CE82 /* Frameworks */ = {
			isa = PBXFrameworksBuildPhase;
			buildActionMask = 2147483647;
			files = (
			);
			runOnlyForDeploymentPostprocessing = 0;
		};
/* End PBXFrameworksBuildPhase section */

/* Begin PBXGroup section */
		02F79A722179332600C3CE82 = {
			isa = PBXGroup;
			children = (
				02F79A7D2179332600C3CE82 /* Concetration */,
				02F79A952179332700C3CE82 /* ConcetrationTests */,
				02F79AA02179332700C3CE82 /* ConcetrationUITests */,
				02F79A7C2179332600C3CE82 /* Products */,
			);
			sourceTree = "<group>";
		};
		02F79A7C2179332600C3CE82 /* Products */ = {
			isa = PBXGroup;
			children = (
				02F79A7B2179332600C3CE82 /* Concetration.app */,
				02F79A922179332700C3CE82 /* ConcetrationTests.xctest */,
				02F79A9D2179332700C3CE82 /* ConcetrationUITests.xctest */,
			);
			name = Products;
			sourceTree = "<group>";
		};
		02F79A7D2179332600C3CE82 /* Concetration */ = {
			isa = PBXGroup;
			children = (
				02F79A7E2179332600C3CE82 /* AppDelegate.swift */,
				02F79A802179332600C3CE82 /* ViewController.swift */,
				02F79A822179332600C3CE82 /* Main.storyboard */,
				02F79A882179332700C3CE82 /* Assets.xcassets */,
				02F79A8A2179332700C3CE82 /* LaunchScreen.storyboard */,
				02F79A8D2179332700C3CE82 /* Info.plist */,
				02F79A852179332600C3CE82 /* Concetration.xcdatamodeld */,
			);
			path = Concetration;
			sourceTree = "<group>";
		};
		02F79A952179332700C3CE82 /* ConcetrationTests */ = {
			isa = PBXGroup;
			children = (
				02F79A962179332700C3CE82 /* ConcetrationTests.swift */,
				02F79A982179332700C3CE82 /* Info.plist */,
			);
			path = ConcetrationTests;
			sourceTree = "<group>";
		};
		02F79AA02179332700C3CE82 /* ConcetrationUITests */ = {
			isa = PBXGroup;
			children = (
				02F79AA12179332700C3CE82 /* ConcetrationUITests.swift */,
				02F79AA32179332700C3CE82 /* Info.plist */,
			);
			path = ConcetrationUITests;
			sourceTree = "<group>";
		};
/* End PBXGroup section */

/* Begin PBXNativeTarget section */
		02F79A7A2179332600C3CE82 /* Concetration */ = {
			isa = PBXNativeTarget;
			buildConfigurationList = 02F79AA62179332700C3CE82 /* Build configuration list for PBXNativeTarget "Concetration" */;
			buildPhases = (
				02F79A772179332600C3CE82 /* Sources */,
				02F79A782179332600C3CE82 /* Frameworks */,
				02F79A792179332600C3CE82 /* Resources */,
			);
			buildRules = (
			);
			dependencies = (
			);
			name = Concetration;
			productName = Concetration;
			productReference = 02F79A7B2179332600C3CE82 /* Concetration.app */;
			productType = "com.apple.product-type.application";
		};
		02F79A912179332700C3CE82 /* ConcetrationTests */ = {
			isa = PBXNativeTarget;
			buildConfigurationList = 02F79AA92179332700C3CE82 /* Build configuration list for PBXNativeTarget "ConcetrationTests" */;
			buildPhases = (
				02F79A8E2179332700C3CE82 /* Sources */,
				02F79A8F2179332700C3CE82 /* Frameworks */,
				02F79A902179332700C3CE82 /* Resources */,
			);
			buildRules = (
			);
			dependencies = (
				02F79A942179332700C3CE82 /* PBXTargetDependency */,
			);
			name = ConcetrationTests;
			productName = ConcetrationTests;
			productReference = 02F79A922179332700C3CE82 /* ConcetrationTests.xctest */;
			productType = "com.apple.product-type.bundle.unit-test";
		};
		02F79A9C2179332700C3CE82 /* ConcetrationUITests */ = {
			isa = PBXNativeTarget;
			buildConfigurationList = 02F79AAC2179332700C3CE82 /* Build configuration list for PBXNativeTarget "ConcetrationUITests" */;
			buildPhases = (
				02F79A992179332700C3CE82 /* Sources */,
				02F79A9A2179332700C3CE82 /* Frameworks */,
				02F79A9B2179332700C3CE82 /* Resources */,
			);
			buildRules = (
			);
			dependencies = (
				02F79A9F2179332700C3CE82 /* PBXTargetDependency */,
			);
			name = ConcetrationUITests;
			productName = ConcetrationUITests;
			productReference = 02F79A9D2179332700C3CE82 /* ConcetrationUITests.xctest */;
			productType = "com.apple.product-type.bundle.ui-testing";
		};
/* End PBXNativeTarget section */

/* Begin PBXProject section */
		02F79A732179332600C3CE82 /* Project object */ = {
			isa = PBXProject;
			attributes = {
				LastSwiftUpdateCheck = 1000;
				LastUpgradeCheck = 1000;
				ORGANIZATIONNAME = "Sinisa Vukovic";
				TargetAttributes = {
					02F79A7A2179332600C3CE82 = {
						CreatedOnToolsVersion = 10.0;
					};
					02F79A912179332700C3CE82 = {
						CreatedOnToolsVersion = 10.0;
						TestTargetID = 02F79A7A2179332600C3CE82;
					};
					02F79A9C2179332700C3CE82 = {
						CreatedOnToolsVersion = 10.0;
						TestTargetID = 02F79A7A2179332600C3CE82;
					};
				};
			};
			buildConfigurationList = 02F79A762179332600C3CE82 /* Build configuration list for PBXProject "Concetration" */;
			compatibilityVersion = "Xcode 9.3";
			developmentRegion = en;
			hasScannedForEncodings = 0;
			knownRegions = (
				en,
				Base,
			);
			mainGroup = 02F79A722179332600C3CE82;
			productRefGroup = 02F79A7C2179332600C3CE82 /* Products */;
			projectDirPath = "";
			projectRoot = "";
			targets = (
				02F79A7A2179332600C3CE82 /* Concetration */,
				02F79A912179332700C3CE82 /* ConcetrationTests */,
				02F79A9C2179332700C3CE82 /* ConcetrationUITests */,
			);
		};
/* End PBXProject section */

/* Begin PBXResourcesBuildPhase section */
		02F79A792179332600C3CE82 /* Resources */ = {
			isa = PBXResourcesBuildPhase;
			buildActionMask = 2147483647;
			files = (
				02F79A8C2179332700C3CE82 /* LaunchScreen.storyboard in Resources */,
				02F79A892179332700C3CE82 /* Assets.xcassets in Resources */,
				02F79A842179332600C3CE82 /* Main.storyboard in Resources */,
			);
			runOnlyForDeploymentPostprocessing = 0;
		};
		02F79A902179332700C3CE82 /* Resources */ = {
			isa = PBXResourcesBuildPhase;
			buildActionMask = 2147483647;
			files = (
			);
			runOnlyForDeploymentPostprocessing = 0;
		};
		02F79A9B2179332700C3CE82 /* Resources */ = {
			isa = PBXResourcesBuildPhase;
			buildActionMask = 2147483647;
			files = (
			);
			runOnlyForDeploymentPostprocessing = 0;
		};
/* End PBXResourcesBuildPhase section */

/* Begin PBXSourcesBuildPhase section */
		02F79A772179332600C3CE82 /* Sources */ = {
			isa = PBXSourcesBuildPhase;
			buildActionMask = 2147483647;
			files = (
				02F79A812179332600C3CE82 /* ViewController.swift in Sources */,
				02F79A872179332600C3CE82 /* Concetration.xcdatamodeld in Sources */,
				02F79A7F2179332600C3CE82 /* AppDelegate.swift in Sources */,
			);
			runOnlyForDeploymentPostprocessing = 0;
		};
		02F79A8E2179332700C3CE82 /* Sources */ = {
			isa = PBXSourcesBuildPhase;
			buildActionMask = 2147483647;
			files = (
				02F79A972179332700C3CE82 /* ConcetrationTests.swift in Sources */,
			);
			runOnlyForDeploymentPostprocessing = 0;
		};
		02F79A992179332700C3CE82 /* Sources */ = {
			isa = PBXSourcesBuildPhase;
			buildActionMask = 2147483647;
			files = (
				02F79AA22179332700C3CE82 /* ConcetrationUITests.swift in Sources */,
			);
			runOnlyForDeploymentPostprocessing = 0;
		};
/* End PBXSourcesBuildPhase section */

/* Begin PBXTargetDependency section */
		02F79A942179332700C3CE82 /* PBXTargetDependency */ = {
			isa = PBXTargetDependency;
			target = 02F79A7A2179332600C3CE82 /* Concetration */;
			targetProxy = 02F79A932179332700C3CE82 /* PBXContainerItemProxy */;
		};
		02F79A9F2179332700C3CE82 /* PBXTargetDependency */ = {
			isa = PBXTargetDependency;
			target = 02F79A7A2179332600C3CE82 /* Concetration */;
			targetProxy = 02F79A9E2179332700C3CE82 /* PBXContainerItemProxy */;
		};
/* End PBXTargetDependency section */

/* Begin PBXVariantGroup section */
		02F79A822179332600C3CE82 /* Main.storyboard */ = {
			isa = PBXVariantGroup;
			children = (
				02F79A832179332600C3CE82 /* Base */,
			);
			name = Main.storyboard;
			sourceTree = "<group>";
		};
		02F79A8A2179332700C3CE82 /* LaunchScreen.storyboard */ = {
			isa = PBXVariantGroup;
			children = (
				02F79A8B2179332700C3CE82 /* Base */,
			);
			name = LaunchScreen.storyboard;
			sourceTree = "<group>";
		};
/* End PBXVariantGroup section */

/* Begin XCBuildConfiguration section */
		02F79AA42179332700C3CE82 /* Debug */ = {
			isa = XCBuildConfiguration;
			buildSettings = {
				ALWAYS_SEARCH_USER_PATHS = NO;
				CLANG_ANALYZER_NONNULL = YES;
				CLANG_ANALYZER_NUMBER_OBJECT_CONVERSION = YES_AGGRESSIVE;
				CLANG_CXX_LANGUAGE_STANDARD = "gnu++14";
				CLANG_CXX_LIBRARY = "libc++";
				CLANG_ENABLE_MODULES = YES;
				CLANG_ENABLE_OBJC_ARC = YES;
				CLANG_ENABLE_OBJC_WEAK = YES;
				CLANG_WARN_BLOCK_CAPTURE_AUTORELEASING = YES;
				CLANG_WARN_BOOL_CONVERSION = YES;
				CLANG_WARN_COMMA = YES;
				CLANG_WARN_CONSTANT_CONVERSION = YES;
				CLANG_WARN_DEPRECATED_OBJC_IMPLEMENTATIONS = YES;
				CLANG_WARN_DIRECT_OBJC_ISA_USAGE = YES_ERROR;
				CLANG_WARN_DOCUMENTATION_COMMENTS = YES;
				CLANG_WARN_EMPTY_BODY = YES;
				CLANG_WARN_ENUM_CONVERSION = YES;
				CLANG_WARN_INFINITE_RECURSION = YES;
				CLANG_WARN_INT_CONVERSION = YES;
				CLANG_WARN_NON_LITERAL_NULL_CONVERSION = YES;
				CLANG_WARN_OBJC_IMPLICIT_RETAIN_SELF = YES;
				CLANG_WARN_OBJC_LITERAL_CONVERSION = YES;
				CLANG_WARN_OBJC_ROOT_CLASS = YES_ERROR;
				CLANG_WARN_RANGE_LOOP_ANALYSIS = YES;
				CLANG_WARN_STRICT_PROTOTYPES = YES;
				CLANG_WARN_SUSPICIOUS_MOVE = YES;
				CLANG_WARN_UNGUARDED_AVAILABILITY = YES_AGGRESSIVE;
				CLANG_WARN_UNREACHABLE_CODE = YES;
				CLANG_WARN__DUPLICATE_METHOD_MATCH = YES;
				CODE_SIGN_IDENTITY = "iPhone Developer";
				COPY_PHASE_STRIP = NO;
				DEBUG_INFORMATION_FORMAT = dwarf;
				ENABLE_STRICT_OBJC_MSGSEND = YES;
				ENABLE_TESTABILITY = YES;
				GCC_C_LANGUAGE_STANDARD = gnu11;
				GCC_DYNAMIC_NO_PIC = NO;
				GCC_NO_COMMON_BLOCKS = YES;
				GCC_OPTIMIZATION_LEVEL = 0;
				GCC_PREPROCESSOR_DEFINITIONS = (
					"DEBUG=1",
					"$(inherited)",
				);
				GCC_WARN_64_TO_32_BIT_CONVERSION = YES;
				GCC_WARN_ABOUT_RETURN_TYPE = YES_ERROR;
				GCC_WARN_UNDECLARED_SELECTOR = YES;
				GCC_WARN_UNINITIALIZED_AUTOS = YES_AGGRESSIVE;
				GCC_WARN_UNUSED_FUNCTION = YES;
				GCC_WARN_UNUSED_VARIABLE = YES;
				IPHONEOS_DEPLOYMENT_TARGET = 12.0;
				MTL_ENABLE_DEBUG_INFO = INCLUDE_SOURCE;
				MTL_FAST_MATH = YES;
				ONLY_ACTIVE_ARCH = YES;
				SDKROOT = iphoneos;
				SWIFT_ACTIVE_COMPILATION_CONDITIONS = DEBUG;
				SWIFT_OPTIMIZATION_LEVEL = "-Onone";
			};
			name = Debug;
		};
		02F79AA52179332700C3CE82 /* Release */ = {
			isa = XCBuildConfiguration;
			buildSettings = {
				ALWAYS_SEARCH_USER_PATHS = NO;
				CLANG_ANALYZER_NONNULL = YES;
				CLANG_ANALYZER_NUMBER_OBJECT_CONVERSION = YES_AGGRESSIVE;
				CLANG_CXX_LANGUAGE_STANDARD = "gnu++14";
				CLANG_CXX_LIBRARY = "libc++";
				CLANG_ENABLE_MODULES = YES;
				CLANG_ENABLE_OBJC_ARC = YES;
				CLANG_ENABLE_OBJC_WEAK = YES;
				CLANG_WARN_BLOCK_CAPTURE_AUTORELEASING = YES;
				CLANG_WARN_BOOL_CONVERSION = YES;
				CLANG_WARN_COMMA = YES;
				CLANG_WARN_CONSTANT_CONVERSION = YES;
				CLANG_WARN_DEPRECATED_OBJC_IMPLEMENTATIONS = YES;
				CLANG_WARN_DIRECT_OBJC_ISA_USAGE = YES_ERROR;
				CLANG_WARN_DOCUMENTATION_COMMENTS = YES;
				CLANG_WARN_EMPTY_BODY = YES;
				CLANG_WARN_ENUM_CONVERSION = YES;
				CLANG_WARN_INFINITE_RECURSION = YES;
				CLANG_WARN_INT_CONVERSION = YES;
				CLANG_WARN_NON_LITERAL_NULL_CONVERSION = YES;
				CLANG_WARN_OBJC_IMPLICIT_RETAIN_SELF = YES;
				CLANG_WARN_OBJC_LITERAL_CONVERSION = YES;
				CLANG_WARN_OBJC_ROOT_CLASS = YES_ERROR;
				CLANG_WARN_RANGE_LOOP_ANALYSIS = YES;
				CLANG_WARN_STRICT_PROTOTYPES = YES;
				CLANG_WARN_SUSPICIOUS_MOVE = YES;
				CLANG_WARN_UNGUARDED_AVAILABILITY = YES_AGGRESSIVE;
				CLANG_WARN_UNREACHABLE_CODE = YES;
				CLANG_WARN__DUPLICATE_METHOD_MATCH = YES;
				CODE_SIGN_IDENTITY = "iPhone Developer";
				COPY_PHASE_STRIP = NO;
				DEBUG_INFORMATION_FORMAT = "dwarf-with-dsym";
				ENABLE_NS_ASSERTIONS = NO;
				ENABLE_STRICT_OBJC_MSGSEND = YES;
				GCC_C_LANGUAGE_STANDARD = gnu11;
				GCC_NO_COMMON_BLOCKS = YES;
				GCC_WARN_64_TO_32_BIT_CONVERSION = YES;
				GCC_WARN_ABOUT_RETURN_TYPE = YES_ERROR;
				GCC_WARN_UNDECLARED_SELECTOR = YES;
				GCC_WARN_UNINITIALIZED_AUTOS = YES_AGGRESSIVE;
				GCC_WARN_UNUSED_FUNCTION = YES;
				GCC_WARN_UNUSED_VARIABLE = YES;
				IPHONEOS_DEPLOYMENT_TARGET = 12.0;
				MTL_ENABLE_DEBUG_INFO = NO;
				MTL_FAST_MATH = YES;
				SDKROOT = iphoneos;
				SWIFT_COMPILATION_MODE = wholemodule;
				SWIFT_OPTIMIZATION_LEVEL = "-O";
				VALIDATE_PRODUCT = YES;
			};
			name = Release;
		};
		02F79AA72179332700C3CE82 /* Debug */ = {
			isa = XCBuildConfiguration;
			buildSettings = {
				ASSETCATALOG_COMPILER_APPICON_NAME = AppIcon;
				CODE_SIGN_STYLE = Automatic;
				DEVELOPMENT_TEAM = ADN69MSHGQ;
				INFOPLIST_FILE = Concetration/Info.plist;
				LD_RUNPATH_SEARCH_PATHS = (
					"$(inherited)",
					"@executable_path/Frameworks",
				);
				PRODUCT_BUNDLE_IDENTIFIER = com.sinisa.vukovic.concetration.Concetration;
				PRODUCT_NAME = "$(TARGET_NAME)";
				SWIFT_VERSION = 4.2;
				TARGETED_DEVICE_FAMILY = "1,2";
			};
			name = Debug;
		};
		02F79AA82179332700C3CE82 /* Release */ = {
			isa = XCBuildConfiguration;
			buildSettings = {
				ASSETCATALOG_COMPILER_APPICON_NAME = AppIcon;
				CODE_SIGN_STYLE = Automatic;
				DEVELOPMENT_TEAM = ADN69MSHGQ;
				INFOPLIST_FILE = Concetration/Info.plist;
				LD_RUNPATH_SEARCH_PATHS = (
					"$(inherited)",
					"@executable_path/Frameworks",
				);
				PRODUCT_BUNDLE_IDENTIFIER = com.sinisa.vukovic.concetration.Concetration;
				PRODUCT_NAME = "$(TARGET_NAME)";
				SWIFT_VERSION = 4.2;
				TARGETED_DEVICE_FAMILY = "1,2";
			};
			name = Release;
		};
		02F79AAA2179332700C3CE82 /* Debug */ = {
			isa = XCBuildConfiguration;
			buildSettings = {
				ALWAYS_EMBED_SWIFT_STANDARD_LIBRARIES = YES;
				BUNDLE_LOADER = "$(TEST_HOST)";
				CODE_SIGN_STYLE = Automatic;
				DEVELOPMENT_TEAM = ADN69MSHGQ;
				INFOPLIST_FILE = ConcetrationTests/Info.plist;
				LD_RUNPATH_SEARCH_PATHS = (
					"$(inherited)",
					"@executable_path/Frameworks",
					"@loader_path/Frameworks",
				);
				PRODUCT_BUNDLE_IDENTIFIER = com.sinisa.vukovic.concetration.ConcetrationTests;
				PRODUCT_NAME = "$(TARGET_NAME)";
				SWIFT_VERSION = 4.2;
				TARGETED_DEVICE_FAMILY = "1,2";
				TEST_HOST = "$(BUILT_PRODUCTS_DIR)/Concetration.app/Concetration";
			};
			name = Debug;
		};
		02F79AAB2179332700C3CE82 /* Release */ = {
			isa = XCBuildConfiguration;
			buildSettings = {
				ALWAYS_EMBED_SWIFT_STANDARD_LIBRARIES = YES;
				BUNDLE_LOADER = "$(TEST_HOST)";
				CODE_SIGN_STYLE = Automatic;
				DEVELOPMENT_TEAM = ADN69MSHGQ;
				INFOPLIST_FILE = ConcetrationTests/Info.plist;
				LD_RUNPATH_SEARCH_PATHS = (
					"$(inherited)",
					"@executable_path/Frameworks",
					"@loader_path/Frameworks",
				);
				PRODUCT_BUNDLE_IDENTIFIER = com.sinisa.vukovic.concetration.ConcetrationTests;
				PRODUCT_NAME = "$(TARGET_NAME)";
				SWIFT_VERSION = 4.2;
				TARGETED_DEVICE_FAMILY = "1,2";
				TEST_HOST = "$(BUILT_PRODUCTS_DIR)/Concetration.app/Concetration";
			};
			name = Release;
		};
		02F79AAD2179332700C3CE82 /* Debug */ = {
			isa = XCBuildConfiguration;
			buildSettings = {
				ALWAYS_EMBED_SWIFT_STANDARD_LIBRARIES = YES;
				CODE_SIGN_STYLE = Automatic;
				DEVELOPMENT_TEAM = ADN69MSHGQ;
				INFOPLIST_FILE = ConcetrationUITests/Info.plist;
				LD_RUNPATH_SEARCH_PATHS = (
					"$(inherited)",
					"@executable_path/Frameworks",
					"@loader_path/Frameworks",
				);
				PRODUCT_BUNDLE_IDENTIFIER = com.sinisa.vukovic.concetration.ConcetrationUITests;
				PRODUCT_NAME = "$(TARGET_NAME)";
				SWIFT_VERSION = 4.2;
				TARGETED_DEVICE_FAMILY = "1,2";
				TEST_TARGET_NAME = Concetration;
			};
			name = Debug;
		};
		02F79AAE2179332700C3CE82 /* Release */ = {
			isa = XCBuildConfiguration;
			buildSettings = {
				ALWAYS_EMBED_SWIFT_STANDARD_LIBRARIES = YES;
				CODE_SIGN_STYLE = Automatic;
				DEVELOPMENT_TEAM = ADN69MSHGQ;
				INFOPLIST_FILE = ConcetrationUITests/Info.plist;
				LD_RUNPATH_SEARCH_PATHS = (
					"$(inherited)",
					"@executable_path/Frameworks",
					"@loader_path/Frameworks",
				);
				PRODUCT_BUNDLE_IDENTIFIER = com.sinisa.vukovic.concetration.ConcetrationUITests;
				PRODUCT_NAME = "$(TARGET_NAME)";
				SWIFT_VERSION = 4.2;
				TARGETED_DEVICE_FAMILY = "1,2";
				TEST_TARGET_NAME = Concetration;
			};
			name = Release;
		};
/* End XCBuildConfiguration section */

/* Begin XCConfigurationList section */
		02F79A762179332600C3CE82 /* Build configuration list for PBXProject "Concetration" */ = {
			isa = XCConfigurationList;
			buildConfigurations = (
				02F79AA42179332700C3CE82 /* Debug */,
				02F79AA52179332700C3CE82 /* Release */,
			);
			defaultConfigurationIsVisible = 0;
			defaultConfigurationName = Release;
		};
		02F79AA62179332700C3CE82 /* Build configuration list for PBXNativeTarget "Concetration" */ = {
			isa = XCConfigurationList;
			buildConfigurations = (
				02F79AA72179332700C3CE82 /* Debug */,
				02F79AA82179332700C3CE82 /* Release */,
			);
			defaultConfigurationIsVisible = 0;
			defaultConfigurationName = Release;
		};
		02F79AA92179332700C3CE82 /* Build configuration list for PBXNativeTarget "ConcetrationTests" */ = {
			isa = XCConfigurationList;
			buildConfigurations = (
				02F79AAA2179332700C3CE82 /* Debug */,
				02F79AAB2179332700C3CE82 /* Release */,
			);
			defaultConfigurationIsVisible = 0;
			defaultConfigurationName = Release;
		};
		02F79AAC2179332700C3CE82 /* Build configuration list for PBXNativeTarget "ConcetrationUITests" */ = {
			isa = XCConfigurationList;
			buildConfigurations = (
				02F79AAD2179332700C3CE82 /* Debug */,
				02F79AAE2179332700C3CE82 /* Release */,
			);
			defaultConfigurationIsVisible = 0;
			defaultConfigurationName = Release;
		};
/* End XCConfigurationList section */

/* Begin XCVersionGroup section */
		02F79A852179332600C3CE82 /* Concetration.xcdatamodeld */ = {
			isa = XCVersionGroup;
			children = (
				02F79A862179332600C3CE82 /* Concetration.xcdatamodel */,
			);
			currentVersion = 02F79A862179332600C3CE82 /* Concetration.xcdatamodel */;
			path = Concetration.xcdatamodeld;
			sourceTree = "<group>";
			versionGroupType = wrapper.xcdatamodel;
		};
/* End XCVersionGroup section */
	};
	rootObject = 02F79A732179332600C3CE82 /* Project object */;
}
